Microsoft Visual Studio Solution File, Format Version 11.00
# Visual Studio 2008

Project("{648A874F-E1C7-87A3-54EE-4FAC811E5C75}") = "cse381derekalex", "Assembly-CSharp.csproj", "{6291C886-C2F5-C028-5864-709B16AB71C2}"
EndProject
Project("{648A874F-E1C7-87A3-54EE-4FAC811E5C75}") = "cse381derekalex", "Assembly-CSharp-Editor.csproj", "{3ED00DA9-E27C-6298-3EE7-E20D50267E57}"
EndProject
Global
	GlobalSection(SolutionConfigurationPlatforms) = preSolution
		Debug|Any CPU = Debug|Any CPU
		Release|Any CPU = Release|Any CPU
	EndGlobalSection
	GlobalSection(ProjectConfigurationPlatforms) = postSolution
		{6291C886-C2F5-C028-5864-709B16AB71C2}.Debug|Any CPU.ActiveCfg = Debug|Any CPU
		{6291C886-C2F5-C028-5864-709B16AB71C2}.Debug|Any CPU.Build.0 = Debug|Any CPU
		{6291C886-C2F5-C028-5864-709B16AB71C2}.Release|Any CPU.ActiveCfg = Release|Any CPU
		{6291C886-C2F5-C028-5864-709B16AB71C2}.Release|Any CPU.Build.0 = Release|Any CPU
		{3ED00DA9-E27C-6298-3EE7-E20D50267E57}.Debug|Any CPU.ActiveCfg = Debug|Any CPU
		{3ED00DA9-E27C-6298-3EE7-E20D50267E57}.Debug|Any CPU.Build.0 = Debug|Any CPU
		{3ED00DA9-E27C-6298-3EE7-E20D50267E57}.Release|Any CPU.ActiveCfg = Release|Any CPU
		{3ED00DA9-E27C-6298-3EE7-E20D50267E57}.Release|Any CPU.Build.0 = Release|Any CPU
	EndGlobalSection
	GlobalSection(SolutionProperties) = preSolution
		HideSolutionNode = FALSE
	EndGlobalSection
	GlobalSection(MonoDevelopProperties) = preSolution
		StartupItem = Assembly-CSharp.csproj
	EndGlobalSection
EndGlobal
