
Microsoft Visual Studio Solution File, Format Version 12.00
# Visual Studio 2015
Project("{FAE04EC0-301F-11D3-BF4B-00C04F79EFBC}") = "cse381derekalex.CSharp.Plugins", "cse381derekalex.CSharp.Plugins.csproj", "{15817E6C-8016-BC62-BE1F-5ECCCDA1B032}"
EndProject
Project("{FAE04EC0-301F-11D3-BF4B-00C04F79EFBC}") = "cse381derekalex.CSharp", "cse381derekalex.CSharp.csproj", "{0BDAEA10-0774-5377-C9C2-6FE6389DF120}"
EndProject
Project("{FAE04EC0-301F-11D3-BF4B-00C04F79EFBC}") = "cse381derekalex.CSharp.Editor", "cse381derekalex.CSharp.Editor.csproj", "{33C048AB-2F51-22E9-10F3-596DE7CC6FC2}"
EndProject
Global
	GlobalSection(SolutionConfigurationPlatforms) = preSolution
		Debug|Any CPU = Debug|Any CPU
		Release|Any CPU = Release|Any CPU
	EndGlobalSection
	GlobalSection(ProjectConfigurationPlatforms) = postSolution
		{15817E6C-8016-BC62-BE1F-5ECCCDA1B032}.Debug|Any CPU.ActiveCfg = Debug|Any CPU
		{15817E6C-8016-BC62-BE1F-5ECCCDA1B032}.Debug|Any CPU.Build.0 = Debug|Any CPU
		{15817E6C-8016-BC62-BE1F-5ECCCDA1B032}.Release|Any CPU.ActiveCfg = Release|Any CPU
		{15817E6C-8016-BC62-BE1F-5ECCCDA1B032}.Release|Any CPU.Build.0 = Release|Any CPU
		{0BDAEA10-0774-5377-C9C2-6FE6389DF120}.Debug|Any CPU.ActiveCfg = Debug|Any CPU
		{0BDAEA10-0774-5377-C9C2-6FE6389DF120}.Debug|Any CPU.Build.0 = Debug|Any CPU
		{0BDAEA10-0774-5377-C9C2-6FE6389DF120}.Release|Any CPU.ActiveCfg = Release|Any CPU
		{0BDAEA10-0774-5377-C9C2-6FE6389DF120}.Release|Any CPU.Build.0 = Release|Any CPU
		{33C048AB-2F51-22E9-10F3-596DE7CC6FC2}.Debug|Any CPU.ActiveCfg = Debug|Any CPU
		{33C048AB-2F51-22E9-10F3-596DE7CC6FC2}.Debug|Any CPU.Build.0 = Debug|Any CPU
		{33C048AB-2F51-22E9-10F3-596DE7CC6FC2}.Release|Any CPU.ActiveCfg = Release|Any CPU
		{33C048AB-2F51-22E9-10F3-596DE7CC6FC2}.Release|Any CPU.Build.0 = Release|Any CPU
	EndGlobalSection
	GlobalSection(SolutionProperties) = preSolution
		HideSolutionNode = FALSE
	EndGlobalSection
EndGlobal
